
Microsoft Visual Studio Solution File, Format Version 12.00
# Visual Studio 15
VisualStudioVersion = 15.0.27130.2024
MinimumVisualStudioVersion = 10.0.40219.1
Project("{8BC9CEB8-8B4A-11D0-8D11-00A0C91BC942}") = "201903", "201903\201903.vcxproj", "{2136485C-01C8-4D2E-96E7-DF2534D42F04}"
EndProject
Global
	GlobalSection(SolutionConfigurationPlatforms) = preSolution
		Debug|x64 = Debug|x64
		Debug|x86 = Debug|x86
		Release|x64 = Release|x64
		Release|x86 = Release|x86
	EndGlobalSection
	GlobalSection(ProjectConfigurationPlatforms) = postSolution
		{2136485C-01C8-4D2E-96E7-DF2534D42F04}.Debug|x64.ActiveCfg = Debug|x64
		{2136485C-01C8-4D2E-96E7-DF2534D42F04}.Debug|x64.Build.0 = Debug|x64
		{2136485C-01C8-4D2E-96E7-DF2534D42F04}.Debug|x86.ActiveCfg = Debug|Win32
		{2136485C-01C8-4D2E-96E7-DF2534D42F04}.Debug|x86.Build.0 = Debug|Win32
		{2136485C-01C8-4D2E-96E7-DF2534D42F04}.Release|x64.ActiveCfg = Release|x64
		{2136485C-01C8-4D2E-96E7-DF2534D42F04}.Release|x64.Build.0 = Release|x64
		{2136485C-01C8-4D2E-96E7-DF2534D42F04}.Release|x86.ActiveCfg = Release|Win32
		{2136485C-01C8-4D2E-96E7-DF2534D42F04}.Release|x86.Build.0 = Release|Win32
	EndGlobalSection
	GlobalSection(SolutionProperties) = preSolution
		HideSolutionNode = FALSE
	EndGlobalSection
	GlobalSection(ExtensibilityGlobals) = postSolution
		SolutionGuid = {28753A83-87FF-4583-86C3-23C277EEB6FF}
	EndGlobalSection
EndGlobal
